{
  "name": "mazorca",
  "version": "1.0.0",
  "lockfileVersion": 1,
  "dependencies": {
    "mazorca-core": {
      "version": "1.3.3",
      "resolved": "https://registry.npmjs.org/mazorca-core/-/mazorca-core-1.3.3.tgz",
      "integrity": "sha1-NCZUlx6iaZSjmFCoeuFoJCuyFXE="
    },
    "ncp": {
      "version": "2.0.0",
      "resolved": "https://registry.npmjs.org/ncp/-/ncp-2.0.0.tgz",
      "integrity": "sha1-GVoh1sRuNh0vsSgbo4uR6d9727M="
    }
  }
}
